
Microsoft Visual Studio Solution File, Format Version 12.00
# Visual Studio 15
VisualStudioVersion = 15.0.28010.2016
MinimumVisualStudioVersion = 10.0.40219.1
Project("{FAE04EC0-301F-11D3-BF4B-00C04F79EFBC}") = "Ex32-Anvend_Klinikdatabase", "Ex32-Anvend_Klinikdatabase\Ex32-Anvend_Klinikdatabase.csproj", "{AA7AB42C-5D8E-4DCB-8F78-4A3798C392A6}"
EndProject
Global
	GlobalSection(SolutionConfigurationPlatforms) = preSolution
		Debug|Any CPU = Debug|Any CPU
		Release|Any CPU = Release|Any CPU
	EndGlobalSection
	GlobalSection(ProjectConfigurationPlatforms) = postSolution
		{AA7AB42C-5D8E-4DCB-8F78-4A3798C392A6}.Debug|Any CPU.ActiveCfg = Debug|Any CPU
		{AA7AB42C-5D8E-4DCB-8F78-4A3798C392A6}.Debug|Any CPU.Build.0 = Debug|Any CPU
		{AA7AB42C-5D8E-4DCB-8F78-4A3798C392A6}.Release|Any CPU.ActiveCfg = Release|Any CPU
		{AA7AB42C-5D8E-4DCB-8F78-4A3798C392A6}.Release|Any CPU.Build.0 = Release|Any CPU
	EndGlobalSection
	GlobalSection(SolutionProperties) = preSolution
		HideSolutionNode = FALSE
	EndGlobalSection
	GlobalSection(ExtensibilityGlobals) = postSolution
		SolutionGuid = {1C54F423-9918-4DB9-AEA7-08B06B253566}
	EndGlobalSection
EndGlobal
